
Microsoft Visual Studio Solution File, Format Version 12.00
# Visual Studio Version 17
VisualStudioVersion = 17.6.33723.286
MinimumVisualStudioVersion = 10.0.40219.1
Project("{FAE04EC0-301F-11D3-BF4B-00C04F79EFBC}") = "XIVAuthClient", "XIVAuthClient\XIVAuthClient.csproj", "{E7E5D1E1-3276-4F3F-AC92-FCC741488E5E}"
EndProject
Global
	GlobalSection(SolutionConfigurationPlatforms) = preSolution
		Debug|Any CPU = Debug|Any CPU
		Release|Any CPU = Release|Any CPU
	EndGlobalSection
	GlobalSection(ProjectConfigurationPlatforms) = postSolution
		{E7E5D1E1-3276-4F3F-AC92-FCC741488E5E}.Debug|Any CPU.ActiveCfg = Debug|Any CPU
		{E7E5D1E1-3276-4F3F-AC92-FCC741488E5E}.Debug|Any CPU.Build.0 = Debug|Any CPU
		{E7E5D1E1-3276-4F3F-AC92-FCC741488E5E}.Release|Any CPU.ActiveCfg = Release|Any CPU
		{E7E5D1E1-3276-4F3F-AC92-FCC741488E5E}.Release|Any CPU.Build.0 = Release|Any CPU
	EndGlobalSection
	GlobalSection(SolutionProperties) = preSolution
		HideSolutionNode = FALSE
	EndGlobalSection
	GlobalSection(ExtensibilityGlobals) = postSolution
		SolutionGuid = {ECB901C9-A4BB-430E-ADE5-757546E2B562}
	EndGlobalSection
EndGlobal
